
Microsoft Visual Studio Solution File, Format Version 12.00
# Visual Studio Version 17
VisualStudioVersion = 17.10.35122.118
MinimumVisualStudioVersion = 10.0.40219.1
Project("{FAE04EC0-301F-11D3-BF4B-00C04F79EFBC}") = "TourBookingAPI", "TourBookingAPI\TourBookingAPI.csproj", "{CF78D664-3717-4EB2-AF2A-70C156E7A15E}"
EndProject
Global
	GlobalSection(SolutionConfigurationPlatforms) = preSolution
		Debug|Any CPU = Debug|Any CPU
		Release|Any CPU = Release|Any CPU
	EndGlobalSection
	GlobalSection(ProjectConfigurationPlatforms) = postSolution
		{CF78D664-3717-4EB2-AF2A-70C156E7A15E}.Debug|Any CPU.ActiveCfg = Debug|Any CPU
		{CF78D664-3717-4EB2-AF2A-70C156E7A15E}.Debug|Any CPU.Build.0 = Debug|Any CPU
		{CF78D664-3717-4EB2-AF2A-70C156E7A15E}.Release|Any CPU.ActiveCfg = Release|Any CPU
		{CF78D664-3717-4EB2-AF2A-70C156E7A15E}.Release|Any CPU.Build.0 = Release|Any CPU
	EndGlobalSection
	GlobalSection(SolutionProperties) = preSolution
		HideSolutionNode = FALSE
	EndGlobalSection
	GlobalSection(ExtensibilityGlobals) = postSolution
		SolutionGuid = {6929C3D2-8AEE-4B9F-8894-DA2132D0BE9D}
	EndGlobalSection
EndGlobal
